
Microsoft Visual Studio Solution File, Format Version 12.00
# Visual Studio Version 17
VisualStudioVersion = 17.5.002.0
MinimumVisualStudioVersion = 10.0.40219.1
Project("{2150E333-8FDC-42A3-9474-1A3956D46DE8}") = "C#", "C#", "{EBD04D47-6180-41A7-B02C-5017F98A592D}"
EndProject
Project("{9A19103F-16F7-4668-BE54-9A1E7A4F7556}") = "trening", "C#\trening\trening.csproj", "{82CF9181-4CAF-41CB-811F-2B810D5AE0AE}"
EndProject
Project("{2150E333-8FDC-42A3-9474-1A3956D46DE8}") = "lecture", "lecture", "{289BD33A-B4A5-417F-9B6C-8CF66D70AC48}"
EndProject
Project("{9A19103F-16F7-4668-BE54-9A1E7A4F7556}") = "Example001_HelloConsole", "C#\lecture\Example001_HelloConsole\Example001_HelloConsole.csproj", "{8D2887D0-DACD-4359-9E17-CE5293F0C231}"
EndProject
Project("{9A19103F-16F7-4668-BE54-9A1E7A4F7556}") = "Example002_HelloUser", "C#\lecture\Example002_HelloUser\Example002_HelloUser.csproj", "{EFF3F954-A99B-4823-853F-587E8CE8D8F1}"
EndProject
Project("{9A19103F-16F7-4668-BE54-9A1E7A4F7556}") = "Example003_Sum", "C#\lecture\Example003_Sum\Example003_Sum.csproj", "{BC94CC2B-DAC4-4E70-8BAB-BD0299A8D6D0}"
EndProject
Project("{9A19103F-16F7-4668-BE54-9A1E7A4F7556}") = "Example004_Div", "C#\lecture\Example004_Div\Example004_Div.csproj", "{4106F131-D6CE-4F37-A212-5EBA0A1D24F0}"
EndProject
Project("{9A19103F-16F7-4668-BE54-9A1E7A4F7556}") = "Example005_ConditionIfElse", "C#\lecture\Example005_ConditionIfElse\Example005_ConditionIfElse.csproj", "{0D238EEE-4663-49DC-9332-1C810A792C56}"
EndProject
Project("{9A19103F-16F7-4668-BE54-9A1E7A4F7556}") = "Example006_Base", "C#\lecture\Example006_Base\Example006_Base.csproj", "{9983DC55-B659-4684-BB2F-2F970BE88CF1}"
EndProject
Project("{9A19103F-16F7-4668-BE54-9A1E7A4F7556}") = "Example007_Magic", "C#\lecture\Example007_Magic\Example007_Magic.csproj", "{E42AD454-7271-4260-8368-7E7BACA61259}"
EndProject
Project("{9A19103F-16F7-4668-BE54-9A1E7A4F7556}") = "Example008_IntroMethod", "C#\lecture\Example008_IntroMethod\Example008_IntroMethod.csproj", "{CF9A210F-0E6D-4F0E-9F80-F39EE5AB1FAF}"
EndProject
Project("{9A19103F-16F7-4668-BE54-9A1E7A4F7556}") = "Example009_IntroArry", "C#\lecture\Example009_IntroArry\Example009_IntroArry.csproj", "{851A7384-F9F9-49A3-A451-AEF5992F2FDE}"
EndProject
Project("{9A19103F-16F7-4668-BE54-9A1E7A4F7556}") = "Example010_MethodArry", "C#\lecture\Example010_MethodArry\Example010_MethodArry.csproj", "{D8F499B2-362B-4DA6-9433-683B1654D279}"
EndProject
Project("{9A19103F-16F7-4668-BE54-9A1E7A4F7556}") = "Example011_ArrayLibrary", "C#\lecture\Example011_ArrayLibrary\Example011_ArrayLibrary.csproj", "{8B701E56-A3BE-436A-8FC3-97F66A29FA48}"
EndProject
Project("{9A19103F-16F7-4668-BE54-9A1E7A4F7556}") = "Example012_Methods", "C#\lecture\Example012_Methods\Example012_Methods.csproj", "{238154FB-DD8F-4689-B16B-42031313C6E9}"
EndProject
Project("{2150E333-8FDC-42A3-9474-1A3956D46DE8}") = "Seminar_1", "Seminar_1", "{3D545AC2-B97A-46C4-A392-DA83D2628D44}"
EndProject
Project("{9A19103F-16F7-4668-BE54-9A1E7A4F7556}") = "Task_1", "C#\Seminar_1\Task_1\Task_1.csproj", "{466E86CB-F886-45B1-9F1D-888BB98545BD}"
EndProject
Project("{9A19103F-16F7-4668-BE54-9A1E7A4F7556}") = "Task_2", "C#\Seminar_1\Task_2\Task_2.csproj", "{51661F3A-F162-433D-A67A-571D5A62F1C6}"
EndProject
Project("{9A19103F-16F7-4668-BE54-9A1E7A4F7556}") = "Task_3", "C#\Seminar_1\Task_3\Task_3.csproj", "{AB171DBF-4991-4FE3-94B3-5873D5599A22}"
EndProject
Project("{9A19103F-16F7-4668-BE54-9A1E7A4F7556}") = "Task_4", "C#\Seminar_1\Task_4\Task_4.csproj", "{27D5F0BD-6E94-4272-847D-00F8ADA92E1A}"
EndProject
Project("{2150E333-8FDC-42A3-9474-1A3956D46DE8}") = "Seminar_2", "Seminar_2", "{00675930-3C97-4046-8731-2EA8ECAC39C0}"
EndProject
Project("{9A19103F-16F7-4668-BE54-9A1E7A4F7556}") = "Task_1", "C#\Seminar_2\Task_1\Task_1.csproj", "{4A53F902-1130-4B27-BA1C-BF0B722C0103}"
EndProject
Project("{9A19103F-16F7-4668-BE54-9A1E7A4F7556}") = "Task_2", "C#\Seminar_2\Task_2\Task_2.csproj", "{BE0FAF59-9C8B-48CD-9803-65F31725FDF9}"
EndProject
Project("{9A19103F-16F7-4668-BE54-9A1E7A4F7556}") = "Task_3", "C#\Seminar_2\Task_3\Task_3.csproj", "{718D0FE0-E48C-4CD2-AADF-7FD800594DA8}"
EndProject
Project("{2150E333-8FDC-42A3-9474-1A3956D46DE8}") = "Seminar_3", "Seminar_3", "{EB33FAFC-6D0A-4E7A-A8F2-ED7B19476475}"
EndProject
Project("{9A19103F-16F7-4668-BE54-9A1E7A4F7556}") = "Task_1", "C#\Seminar_3\Task_1\Task_1.csproj", "{08E38DC4-5871-40EE-9055-72F038C52BFB}"
EndProject
Project("{9A19103F-16F7-4668-BE54-9A1E7A4F7556}") = "Task_2", "C#\Seminar_3\Task_2\Task_2.csproj", "{AD443F1D-4BE1-42D2-9157-97423EDA9E67}"
EndProject
Project("{9A19103F-16F7-4668-BE54-9A1E7A4F7556}") = "Task_3", "C#\Seminar_3\Task_3\Task_3.csproj", "{A5FA4E60-8AD6-4C22-9799-26687BBC0A03}"
EndProject
Project("{2150E333-8FDC-42A3-9474-1A3956D46DE8}") = "Seminar_4", "Seminar_4", "{2F153BD2-74E1-4A78-B749-7381C697E34C}"
EndProject
Project("{9A19103F-16F7-4668-BE54-9A1E7A4F7556}") = "Task_1", "C#\Seminar_4\Task_1\Task_1.csproj", "{B2DC1714-015D-4C8E-B189-53E20CFD53D3}"
EndProject
Project("{9A19103F-16F7-4668-BE54-9A1E7A4F7556}") = "Task_2", "C#\Seminar_4\Task_2\Task_2.csproj", "{8FD2715C-64CF-4917-A289-5ABB724366D8}"
EndProject
Project("{9A19103F-16F7-4668-BE54-9A1E7A4F7556}") = "Task_3", "C#\Seminar_4\Task_3\Task_3.csproj", "{AB2BAAE1-A818-4D58-84A3-5B175F6523BE}"
EndProject
Project("{2150E333-8FDC-42A3-9474-1A3956D46DE8}") = "Seminar_5", "Seminar_5", "{27AB5C28-2B2A-4DE0-A8CE-4D26FC3C732B}"
EndProject
Project("{9A19103F-16F7-4668-BE54-9A1E7A4F7556}") = "Task_1", "C#\Seminar_5\Task_1\Task_1.csproj", "{012FFF19-8520-4BA6-B817-51AE854C3440}"
EndProject
Project("{9A19103F-16F7-4668-BE54-9A1E7A4F7556}") = "Task_2", "C#\Seminar_5\Task_2\Task_2.csproj", "{774FD8A8-63BD-40C9-BCC7-6B6A3F6DC3C1}"
EndProject
Project("{9A19103F-16F7-4668-BE54-9A1E7A4F7556}") = "Task_3", "C#\Seminar_5\Task_3\Task_3.csproj", "{D2E4111B-510B-47DB-9277-1AE4B34F0E27}"
EndProject
Global
	GlobalSection(SolutionConfigurationPlatforms) = preSolution
		Debug|Any CPU = Debug|Any CPU
		Release|Any CPU = Release|Any CPU
	EndGlobalSection
	GlobalSection(ProjectConfigurationPlatforms) = postSolution
		{82CF9181-4CAF-41CB-811F-2B810D5AE0AE}.Debug|Any CPU.ActiveCfg = Debug|Any CPU
		{82CF9181-4CAF-41CB-811F-2B810D5AE0AE}.Debug|Any CPU.Build.0 = Debug|Any CPU
		{82CF9181-4CAF-41CB-811F-2B810D5AE0AE}.Release|Any CPU.ActiveCfg = Release|Any CPU
		{82CF9181-4CAF-41CB-811F-2B810D5AE0AE}.Release|Any CPU.Build.0 = Release|Any CPU
		{8D2887D0-DACD-4359-9E17-CE5293F0C231}.Debug|Any CPU.ActiveCfg = Debug|Any CPU
		{8D2887D0-DACD-4359-9E17-CE5293F0C231}.Debug|Any CPU.Build.0 = Debug|Any CPU
		{8D2887D0-DACD-4359-9E17-CE5293F0C231}.Release|Any CPU.ActiveCfg = Release|Any CPU
		{8D2887D0-DACD-4359-9E17-CE5293F0C231}.Release|Any CPU.Build.0 = Release|Any CPU
		{EFF3F954-A99B-4823-853F-587E8CE8D8F1}.Debug|Any CPU.ActiveCfg = Debug|Any CPU
		{EFF3F954-A99B-4823-853F-587E8CE8D8F1}.Debug|Any CPU.Build.0 = Debug|Any CPU
		{EFF3F954-A99B-4823-853F-587E8CE8D8F1}.Release|Any CPU.ActiveCfg = Release|Any CPU
		{EFF3F954-A99B-4823-853F-587E8CE8D8F1}.Release|Any CPU.Build.0 = Release|Any CPU
		{BC94CC2B-DAC4-4E70-8BAB-BD0299A8D6D0}.Debug|Any CPU.ActiveCfg = Debug|Any CPU
		{BC94CC2B-DAC4-4E70-8BAB-BD0299A8D6D0}.Debug|Any CPU.Build.0 = Debug|Any CPU
		{BC94CC2B-DAC4-4E70-8BAB-BD0299A8D6D0}.Release|Any CPU.ActiveCfg = Release|Any CPU
		{BC94CC2B-DAC4-4E70-8BAB-BD0299A8D6D0}.Release|Any CPU.Build.0 = Release|Any CPU
		{4106F131-D6CE-4F37-A212-5EBA0A1D24F0}.Debug|Any CPU.ActiveCfg = Debug|Any CPU
		{4106F131-D6CE-4F37-A212-5EBA0A1D24F0}.Debug|Any CPU.Build.0 = Debug|Any CPU
		{4106F131-D6CE-4F37-A212-5EBA0A1D24F0}.Release|Any CPU.ActiveCfg = Release|Any CPU
		{4106F131-D6CE-4F37-A212-5EBA0A1D24F0}.Release|Any CPU.Build.0 = Release|Any CPU
		{0D238EEE-4663-49DC-9332-1C810A792C56}.Debug|Any CPU.ActiveCfg = Debug|Any CPU
		{0D238EEE-4663-49DC-9332-1C810A792C56}.Debug|Any CPU.Build.0 = Debug|Any CPU
		{0D238EEE-4663-49DC-9332-1C810A792C56}.Release|Any CPU.ActiveCfg = Release|Any CPU
		{0D238EEE-4663-49DC-9332-1C810A792C56}.Release|Any CPU.Build.0 = Release|Any CPU
		{9983DC55-B659-4684-BB2F-2F970BE88CF1}.Debug|Any CPU.ActiveCfg = Debug|Any CPU
		{9983DC55-B659-4684-BB2F-2F970BE88CF1}.Debug|Any CPU.Build.0 = Debug|Any CPU
		{9983DC55-B659-4684-BB2F-2F970BE88CF1}.Release|Any CPU.ActiveCfg = Release|Any CPU
		{9983DC55-B659-4684-BB2F-2F970BE88CF1}.Release|Any CPU.Build.0 = Release|Any CPU
		{E42AD454-7271-4260-8368-7E7BACA61259}.Debug|Any CPU.ActiveCfg = Debug|Any CPU
		{E42AD454-7271-4260-8368-7E7BACA61259}.Debug|Any CPU.Build.0 = Debug|Any CPU
		{E42AD454-7271-4260-8368-7E7BACA61259}.Release|Any CPU.ActiveCfg = Release|Any CPU
		{E42AD454-7271-4260-8368-7E7BACA61259}.Release|Any CPU.Build.0 = Release|Any CPU
		{CF9A210F-0E6D-4F0E-9F80-F39EE5AB1FAF}.Debug|Any CPU.ActiveCfg = Debug|Any CPU
		{CF9A210F-0E6D-4F0E-9F80-F39EE5AB1FAF}.Debug|Any CPU.Build.0 = Debug|Any CPU
		{CF9A210F-0E6D-4F0E-9F80-F39EE5AB1FAF}.Release|Any CPU.ActiveCfg = Release|Any CPU
		{CF9A210F-0E6D-4F0E-9F80-F39EE5AB1FAF}.Release|Any CPU.Build.0 = Release|Any CPU
		{851A7384-F9F9-49A3-A451-AEF5992F2FDE}.Debug|Any CPU.ActiveCfg = Debug|Any CPU
		{851A7384-F9F9-49A3-A451-AEF5992F2FDE}.Debug|Any CPU.Build.0 = Debug|Any CPU
		{851A7384-F9F9-49A3-A451-AEF5992F2FDE}.Release|Any CPU.ActiveCfg = Release|Any CPU
		{851A7384-F9F9-49A3-A451-AEF5992F2FDE}.Release|Any CPU.Build.0 = Release|Any CPU
		{D8F499B2-362B-4DA6-9433-683B1654D279}.Debug|Any CPU.ActiveCfg = Debug|Any CPU
		{D8F499B2-362B-4DA6-9433-683B1654D279}.Debug|Any CPU.Build.0 = Debug|Any CPU
		{D8F499B2-362B-4DA6-9433-683B1654D279}.Release|Any CPU.ActiveCfg = Release|Any CPU
		{D8F499B2-362B-4DA6-9433-683B1654D279}.Release|Any CPU.Build.0 = Release|Any CPU
		{8B701E56-A3BE-436A-8FC3-97F66A29FA48}.Debug|Any CPU.ActiveCfg = Debug|Any CPU
		{8B701E56-A3BE-436A-8FC3-97F66A29FA48}.Debug|Any CPU.Build.0 = Debug|Any CPU
		{8B701E56-A3BE-436A-8FC3-97F66A29FA48}.Release|Any CPU.ActiveCfg = Release|Any CPU
		{8B701E56-A3BE-436A-8FC3-97F66A29FA48}.Release|Any CPU.Build.0 = Release|Any CPU
		{238154FB-DD8F-4689-B16B-42031313C6E9}.Debug|Any CPU.ActiveCfg = Debug|Any CPU
		{238154FB-DD8F-4689-B16B-42031313C6E9}.Debug|Any CPU.Build.0 = Debug|Any CPU
		{238154FB-DD8F-4689-B16B-42031313C6E9}.Release|Any CPU.ActiveCfg = Release|Any CPU
		{238154FB-DD8F-4689-B16B-42031313C6E9}.Release|Any CPU.Build.0 = Release|Any CPU
		{466E86CB-F886-45B1-9F1D-888BB98545BD}.Debug|Any CPU.ActiveCfg = Debug|Any CPU
		{466E86CB-F886-45B1-9F1D-888BB98545BD}.Debug|Any CPU.Build.0 = Debug|Any CPU
		{466E86CB-F886-45B1-9F1D-888BB98545BD}.Release|Any CPU.ActiveCfg = Release|Any CPU
		{466E86CB-F886-45B1-9F1D-888BB98545BD}.Release|Any CPU.Build.0 = Release|Any CPU
		{51661F3A-F162-433D-A67A-571D5A62F1C6}.Debug|Any CPU.ActiveCfg = Debug|Any CPU
		{51661F3A-F162-433D-A67A-571D5A62F1C6}.Debug|Any CPU.Build.0 = Debug|Any CPU
		{51661F3A-F162-433D-A67A-571D5A62F1C6}.Release|Any CPU.ActiveCfg = Release|Any CPU
		{51661F3A-F162-433D-A67A-571D5A62F1C6}.Release|Any CPU.Build.0 = Release|Any CPU
		{AB171DBF-4991-4FE3-94B3-5873D5599A22}.Debug|Any CPU.ActiveCfg = Debug|Any CPU
		{AB171DBF-4991-4FE3-94B3-5873D5599A22}.Debug|Any CPU.Build.0 = Debug|Any CPU
		{AB171DBF-4991-4FE3-94B3-5873D5599A22}.Release|Any CPU.ActiveCfg = Release|Any CPU
		{AB171DBF-4991-4FE3-94B3-5873D5599A22}.Release|Any CPU.Build.0 = Release|Any CPU
		{27D5F0BD-6E94-4272-847D-00F8ADA92E1A}.Debug|Any CPU.ActiveCfg = Debug|Any CPU
		{27D5F0BD-6E94-4272-847D-00F8ADA92E1A}.Debug|Any CPU.Build.0 = Debug|Any CPU
		{27D5F0BD-6E94-4272-847D-00F8ADA92E1A}.Release|Any CPU.ActiveCfg = Release|Any CPU
		{27D5F0BD-6E94-4272-847D-00F8ADA92E1A}.Release|Any CPU.Build.0 = Release|Any CPU
		{4A53F902-1130-4B27-BA1C-BF0B722C0103}.Debug|Any CPU.ActiveCfg = Debug|Any CPU
		{4A53F902-1130-4B27-BA1C-BF0B722C0103}.Debug|Any CPU.Build.0 = Debug|Any CPU
		{4A53F902-1130-4B27-BA1C-BF0B722C0103}.Release|Any CPU.ActiveCfg = Release|Any CPU
		{4A53F902-1130-4B27-BA1C-BF0B722C0103}.Release|Any CPU.Build.0 = Release|Any CPU
		{BE0FAF59-9C8B-48CD-9803-65F31725FDF9}.Debug|Any CPU.ActiveCfg = Debug|Any CPU
		{BE0FAF59-9C8B-48CD-9803-65F31725FDF9}.Debug|Any CPU.Build.0 = Debug|Any CPU
		{BE0FAF59-9C8B-48CD-9803-65F31725FDF9}.Release|Any CPU.ActiveCfg = Release|Any CPU
		{BE0FAF59-9C8B-48CD-9803-65F31725FDF9}.Release|Any CPU.Build.0 = Release|Any CPU
		{718D0FE0-E48C-4CD2-AADF-7FD800594DA8}.Debug|Any CPU.ActiveCfg = Debug|Any CPU
		{718D0FE0-E48C-4CD2-AADF-7FD800594DA8}.Debug|Any CPU.Build.0 = Debug|Any CPU
		{718D0FE0-E48C-4CD2-AADF-7FD800594DA8}.Release|Any CPU.ActiveCfg = Release|Any CPU
		{718D0FE0-E48C-4CD2-AADF-7FD800594DA8}.Release|Any CPU.Build.0 = Release|Any CPU
		{08E38DC4-5871-40EE-9055-72F038C52BFB}.Debug|Any CPU.ActiveCfg = Debug|Any CPU
		{08E38DC4-5871-40EE-9055-72F038C52BFB}.Debug|Any CPU.Build.0 = Debug|Any CPU
		{08E38DC4-5871-40EE-9055-72F038C52BFB}.Release|Any CPU.ActiveCfg = Release|Any CPU
		{08E38DC4-5871-40EE-9055-72F038C52BFB}.Release|Any CPU.Build.0 = Release|Any CPU
		{AD443F1D-4BE1-42D2-9157-97423EDA9E67}.Debug|Any CPU.ActiveCfg = Debug|Any CPU
		{AD443F1D-4BE1-42D2-9157-97423EDA9E67}.Debug|Any CPU.Build.0 = Debug|Any CPU
		{AD443F1D-4BE1-42D2-9157-97423EDA9E67}.Release|Any CPU.ActiveCfg = Release|Any CPU
		{AD443F1D-4BE1-42D2-9157-97423EDA9E67}.Release|Any CPU.Build.0 = Release|Any CPU
		{A5FA4E60-8AD6-4C22-9799-26687BBC0A03}.Debug|Any CPU.ActiveCfg = Debug|Any CPU
		{A5FA4E60-8AD6-4C22-9799-26687BBC0A03}.Debug|Any CPU.Build.0 = Debug|Any CPU
		{A5FA4E60-8AD6-4C22-9799-26687BBC0A03}.Release|Any CPU.ActiveCfg = Release|Any CPU
		{A5FA4E60-8AD6-4C22-9799-26687BBC0A03}.Release|Any CPU.Build.0 = Release|Any CPU
		{B2DC1714-015D-4C8E-B189-53E20CFD53D3}.Debug|Any CPU.ActiveCfg = Debug|Any CPU
		{B2DC1714-015D-4C8E-B189-53E20CFD53D3}.Debug|Any CPU.Build.0 = Debug|Any CPU
		{B2DC1714-015D-4C8E-B189-53E20CFD53D3}.Release|Any CPU.ActiveCfg = Release|Any CPU
		{B2DC1714-015D-4C8E-B189-53E20CFD53D3}.Release|Any CPU.Build.0 = Release|Any CPU
		{8FD2715C-64CF-4917-A289-5ABB724366D8}.Debug|Any CPU.ActiveCfg = Debug|Any CPU
		{8FD2715C-64CF-4917-A289-5ABB724366D8}.Debug|Any CPU.Build.0 = Debug|Any CPU
		{8FD2715C-64CF-4917-A289-5ABB724366D8}.Release|Any CPU.ActiveCfg = Release|Any CPU
		{8FD2715C-64CF-4917-A289-5ABB724366D8}.Release|Any CPU.Build.0 = Release|Any CPU
		{AB2BAAE1-A818-4D58-84A3-5B175F6523BE}.Debug|Any CPU.ActiveCfg = Debug|Any CPU
		{AB2BAAE1-A818-4D58-84A3-5B175F6523BE}.Debug|Any CPU.Build.0 = Debug|Any CPU
		{AB2BAAE1-A818-4D58-84A3-5B175F6523BE}.Release|Any CPU.ActiveCfg = Release|Any CPU
		{AB2BAAE1-A818-4D58-84A3-5B175F6523BE}.Release|Any CPU.Build.0 = Release|Any CPU
		{012FFF19-8520-4BA6-B817-51AE854C3440}.Debug|Any CPU.ActiveCfg = Debug|Any CPU
		{012FFF19-8520-4BA6-B817-51AE854C3440}.Debug|Any CPU.Build.0 = Debug|Any CPU
		{012FFF19-8520-4BA6-B817-51AE854C3440}.Release|Any CPU.ActiveCfg = Release|Any CPU
		{012FFF19-8520-4BA6-B817-51AE854C3440}.Release|Any CPU.Build.0 = Release|Any CPU
		{774FD8A8-63BD-40C9-BCC7-6B6A3F6DC3C1}.Debug|Any CPU.ActiveCfg = Debug|Any CPU
		{774FD8A8-63BD-40C9-BCC7-6B6A3F6DC3C1}.Debug|Any CPU.Build.0 = Debug|Any CPU
		{774FD8A8-63BD-40C9-BCC7-6B6A3F6DC3C1}.Release|Any CPU.ActiveCfg = Release|Any CPU
		{774FD8A8-63BD-40C9-BCC7-6B6A3F6DC3C1}.Release|Any CPU.Build.0 = Release|Any CPU
		{D2E4111B-510B-47DB-9277-1AE4B34F0E27}.Debug|Any CPU.ActiveCfg = Debug|Any CPU
		{D2E4111B-510B-47DB-9277-1AE4B34F0E27}.Debug|Any CPU.Build.0 = Debug|Any CPU
		{D2E4111B-510B-47DB-9277-1AE4B34F0E27}.Release|Any CPU.ActiveCfg = Release|Any CPU
		{D2E4111B-510B-47DB-9277-1AE4B34F0E27}.Release|Any CPU.Build.0 = Release|Any CPU
	EndGlobalSection
	GlobalSection(SolutionProperties) = preSolution
		HideSolutionNode = FALSE
	EndGlobalSection
	GlobalSection(NestedProjects) = preSolution
		{82CF9181-4CAF-41CB-811F-2B810D5AE0AE} = {EBD04D47-6180-41A7-B02C-5017F98A592D}
		{289BD33A-B4A5-417F-9B6C-8CF66D70AC48} = {EBD04D47-6180-41A7-B02C-5017F98A592D}
		{8D2887D0-DACD-4359-9E17-CE5293F0C231} = {289BD33A-B4A5-417F-9B6C-8CF66D70AC48}
		{EFF3F954-A99B-4823-853F-587E8CE8D8F1} = {289BD33A-B4A5-417F-9B6C-8CF66D70AC48}
		{BC94CC2B-DAC4-4E70-8BAB-BD0299A8D6D0} = {289BD33A-B4A5-417F-9B6C-8CF66D70AC48}
		{4106F131-D6CE-4F37-A212-5EBA0A1D24F0} = {289BD33A-B4A5-417F-9B6C-8CF66D70AC48}
		{0D238EEE-4663-49DC-9332-1C810A792C56} = {289BD33A-B4A5-417F-9B6C-8CF66D70AC48}
		{9983DC55-B659-4684-BB2F-2F970BE88CF1} = {289BD33A-B4A5-417F-9B6C-8CF66D70AC48}
		{E42AD454-7271-4260-8368-7E7BACA61259} = {289BD33A-B4A5-417F-9B6C-8CF66D70AC48}
		{CF9A210F-0E6D-4F0E-9F80-F39EE5AB1FAF} = {289BD33A-B4A5-417F-9B6C-8CF66D70AC48}
		{851A7384-F9F9-49A3-A451-AEF5992F2FDE} = {289BD33A-B4A5-417F-9B6C-8CF66D70AC48}
		{D8F499B2-362B-4DA6-9433-683B1654D279} = {289BD33A-B4A5-417F-9B6C-8CF66D70AC48}
		{8B701E56-A3BE-436A-8FC3-97F66A29FA48} = {289BD33A-B4A5-417F-9B6C-8CF66D70AC48}
		{238154FB-DD8F-4689-B16B-42031313C6E9} = {289BD33A-B4A5-417F-9B6C-8CF66D70AC48}
		{3D545AC2-B97A-46C4-A392-DA83D2628D44} = {EBD04D47-6180-41A7-B02C-5017F98A592D}
		{466E86CB-F886-45B1-9F1D-888BB98545BD} = {3D545AC2-B97A-46C4-A392-DA83D2628D44}
		{51661F3A-F162-433D-A67A-571D5A62F1C6} = {3D545AC2-B97A-46C4-A392-DA83D2628D44}
		{AB171DBF-4991-4FE3-94B3-5873D5599A22} = {3D545AC2-B97A-46C4-A392-DA83D2628D44}
		{27D5F0BD-6E94-4272-847D-00F8ADA92E1A} = {3D545AC2-B97A-46C4-A392-DA83D2628D44}
		{00675930-3C97-4046-8731-2EA8ECAC39C0} = {EBD04D47-6180-41A7-B02C-5017F98A592D}
		{4A53F902-1130-4B27-BA1C-BF0B722C0103} = {00675930-3C97-4046-8731-2EA8ECAC39C0}
		{BE0FAF59-9C8B-48CD-9803-65F31725FDF9} = {00675930-3C97-4046-8731-2EA8ECAC39C0}
		{718D0FE0-E48C-4CD2-AADF-7FD800594DA8} = {00675930-3C97-4046-8731-2EA8ECAC39C0}
		{EB33FAFC-6D0A-4E7A-A8F2-ED7B19476475} = {EBD04D47-6180-41A7-B02C-5017F98A592D}
		{08E38DC4-5871-40EE-9055-72F038C52BFB} = {EB33FAFC-6D0A-4E7A-A8F2-ED7B19476475}
		{AD443F1D-4BE1-42D2-9157-97423EDA9E67} = {EB33FAFC-6D0A-4E7A-A8F2-ED7B19476475}
		{A5FA4E60-8AD6-4C22-9799-26687BBC0A03} = {EB33FAFC-6D0A-4E7A-A8F2-ED7B19476475}
		{2F153BD2-74E1-4A78-B749-7381C697E34C} = {EBD04D47-6180-41A7-B02C-5017F98A592D}
		{B2DC1714-015D-4C8E-B189-53E20CFD53D3} = {2F153BD2-74E1-4A78-B749-7381C697E34C}
		{8FD2715C-64CF-4917-A289-5ABB724366D8} = {2F153BD2-74E1-4A78-B749-7381C697E34C}
		{AB2BAAE1-A818-4D58-84A3-5B175F6523BE} = {2F153BD2-74E1-4A78-B749-7381C697E34C}
		{27AB5C28-2B2A-4DE0-A8CE-4D26FC3C732B} = {EBD04D47-6180-41A7-B02C-5017F98A592D}
		{012FFF19-8520-4BA6-B817-51AE854C3440} = {27AB5C28-2B2A-4DE0-A8CE-4D26FC3C732B}
		{774FD8A8-63BD-40C9-BCC7-6B6A3F6DC3C1} = {27AB5C28-2B2A-4DE0-A8CE-4D26FC3C732B}
		{D2E4111B-510B-47DB-9277-1AE4B34F0E27} = {27AB5C28-2B2A-4DE0-A8CE-4D26FC3C732B}
	EndGlobalSection
	GlobalSection(ExtensibilityGlobals) = postSolution
		SolutionGuid = {9D79FAEF-CCEE-4483-8A74-BB42DB138882}
	EndGlobalSection
EndGlobal
